// !$*UTF8*$!
{
	archiveVersion = 1;
	classes = {
	};
	objectVersion = 55;
	objects = {

/* Begin PBXBuildFile section */
		3F478ECF29DB474E00F6D39E /* Colors.swift in Sources */ = {isa = PBXBuildFile; fileRef = 3F478ECE29DB474E00F6D39E /* Colors.swift */; };
		3F478ED129DB476500F6D39E /* Fonts.swift in Sources */ = {isa = PBXBuildFile; fileRef = 3F478ED029DB476500F6D39E /* Fonts.swift */; };
		3F603CCD29DB4A53000C43D7 /* ProgressHUD in Frameworks */ = {isa = PBXBuildFile; productRef = 3F603CCC29DB4A53000C43D7 /* ProgressHUD */; };
		3F603CD029DB4A74000C43D7 /* Kingfisher in Frameworks */ = {isa = PBXBuildFile; productRef = 3F603CCF29DB4A74000C43D7 /* Kingfisher */; };
		3F68069729CBBAF100B4F915 /* AppDelegate.swift in Sources */ = {isa = PBXBuildFile; fileRef = 3F68069629CBBAF100B4F915 /* AppDelegate.swift */; };
		3F68069929CBBAF100B4F915 /* SceneDelegate.swift in Sources */ = {isa = PBXBuildFile; fileRef = 3F68069829CBBAF100B4F915 /* SceneDelegate.swift */; };
		3F6806A029CBBAF200B4F915 /* Assets.xcassets in Resources */ = {isa = PBXBuildFile; fileRef = 3F68069F29CBBAF200B4F915 /* Assets.xcassets */; };
		3F6806A329CBBAF200B4F915 /* LaunchScreen.storyboard in Resources */ = {isa = PBXBuildFile; fileRef = 3F6806A129CBBAF200B4F915 /* LaunchScreen.storyboard */; };
		3F6806AE29CBBAF200B4F915 /* ExampleUnitTests.swift in Sources */ = {isa = PBXBuildFile; fileRef = 3F6806AD29CBBAF200B4F915 /* ExampleUnitTests.swift */; };
		3F6806B829CBBAF200B4F915 /* FakeNFTUITests.swift in Sources */ = {isa = PBXBuildFile; fileRef = 3F6806B729CBBAF200B4F915 /* FakeNFTUITests.swift */; };
		5A21C9B92A753CA40098121A /* MainTabBarController.swift in Sources */ = {isa = PBXBuildFile; fileRef = 5A21C9B82A753CA40098121A /* MainTabBarController.swift */; };
		5A21C9BE2A7549A70098121A /* ICellViewModel.swift in Sources */ = {isa = PBXBuildFile; fileRef = 5A21C9BD2A7549A70098121A /* ICellViewModel.swift */; };
		5A21C9C72A7549FD0098121A /* UIView+Animations.swift in Sources */ = {isa = PBXBuildFile; fileRef = 5A21C9C02A7549FD0098121A /* UIView+Animations.swift */; };
		5A21C9C82A7549FD0098121A /* UIColor+Hex.swift in Sources */ = {isa = PBXBuildFile; fileRef = 5A21C9C12A7549FD0098121A /* UIColor+Hex.swift */; };
		5A21C9C92A7549FD0098121A /* UIViewController+hideKeyboard.swift in Sources */ = {isa = PBXBuildFile; fileRef = 5A21C9C22A7549FD0098121A /* UIViewController+hideKeyboard.swift */; };
		5A21C9CA2A7549FD0098121A /* UIColor+Dynamic.swift in Sources */ = {isa = PBXBuildFile; fileRef = 5A21C9C32A7549FD0098121A /* UIColor+Dynamic.swift */; };
		5A21C9CB2A7549FD0098121A /* UITableView+Extensions.swift in Sources */ = {isa = PBXBuildFile; fileRef = 5A21C9C42A7549FD0098121A /* UITableView+Extensions.swift */; };
		5A21C9CC2A7549FD0098121A /* UIButton+Event.swift in Sources */ = {isa = PBXBuildFile; fileRef = 5A21C9C52A7549FD0098121A /* UIButton+Event.swift */; };
		5A21C9CD2A7549FD0098121A /* UICollectionView+Extensions.swift in Sources */ = {isa = PBXBuildFile; fileRef = 5A21C9C62A7549FD0098121A /* UICollectionView+Extensions.swift */; };
		5A21C9D82A754A2B0098121A /* GradientDirection.swift in Sources */ = {isa = PBXBuildFile; fileRef = 5A21C9D02A754A2B0098121A /* GradientDirection.swift */; };
		5A21C9D92A754A2B0098121A /* UIImage+Gradient.swift in Sources */ = {isa = PBXBuildFile; fileRef = 5A21C9D12A754A2B0098121A /* UIImage+Gradient.swift */; };
		5A21C9DA2A754A2B0098121A /* CellCorner.swift in Sources */ = {isa = PBXBuildFile; fileRef = 5A21C9D22A754A2B0098121A /* CellCorner.swift */; };
		5A21C9DB2A754A2B0098121A /* UserDefaultsBacked.swift in Sources */ = {isa = PBXBuildFile; fileRef = 5A21C9D32A754A2B0098121A /* UserDefaultsBacked.swift */; };
		5A21C9DC2A754A2B0098121A /* UIView+Constraints.swift in Sources */ = {isa = PBXBuildFile; fileRef = 5A21C9D42A754A2B0098121A /* UIView+Constraints.swift */; };
		5A21C9DD2A754A2B0098121A /* UIView+Preview.swift in Sources */ = {isa = PBXBuildFile; fileRef = 5A21C9D52A754A2B0098121A /* UIView+Preview.swift */; };
		5A21C9DE2A754A2B0098121A /* Observable.swift in Sources */ = {isa = PBXBuildFile; fileRef = 5A21C9D62A754A2B0098121A /* Observable.swift */; };
		5A21C9DF2A754A2B0098121A /* UIViewController+Preview.swift in Sources */ = {isa = PBXBuildFile; fileRef = 5A21C9D72A754A2B0098121A /* UIViewController+Preview.swift */; };
		5A21C9E82A754AE50098121A /* APIError.swift in Sources */ = {isa = PBXBuildFile; fileRef = 5A21C9E12A754AE50098121A /* APIError.swift */; };
		5A21C9E92A754AE50098121A /* Model.swift in Sources */ = {isa = PBXBuildFile; fileRef = 5A21C9E22A754AE50098121A /* Model.swift */; };
		5A21C9EA2A754AE50098121A /* APIClient.swift in Sources */ = {isa = PBXBuildFile; fileRef = 5A21C9E32A754AE50098121A /* APIClient.swift */; };
		5A21C9EB2A754AE50098121A /* DataConvert.swift in Sources */ = {isa = PBXBuildFile; fileRef = 5A21C9E42A754AE50098121A /* DataConvert.swift */; };
		5A21C9EC2A754AE50098121A /* NetworkTask.swift in Sources */ = {isa = PBXBuildFile; fileRef = 5A21C9E52A754AE50098121A /* NetworkTask.swift */; };
		5A21C9ED2A754AE50098121A /* Request.swift in Sources */ = {isa = PBXBuildFile; fileRef = 5A21C9E62A754AE50098121A /* Request.swift */; };
		5A21C9EE2A754AE50098121A /* API.swift in Sources */ = {isa = PBXBuildFile; fileRef = 5A21C9E72A754AE50098121A /* API.swift */; };
		5A21C9F12A7554B60098121A /* ILoadWithIndicator.swift in Sources */ = {isa = PBXBuildFile; fileRef = 5A21C9EF2A7554B60098121A /* ILoadWithIndicator.swift */; };
		5A21C9F22A7554B60098121A /* ILoadWithProgressHUD.swift in Sources */ = {isa = PBXBuildFile; fileRef = 5A21C9F02A7554B60098121A /* ILoadWithProgressHUD.swift */; };
		5A21C9F42A75555E0098121A /* Array+Extensions.swift in Sources */ = {isa = PBXBuildFile; fileRef = 5A21C9F32A75555E0098121A /* Array+Extensions.swift */; };
		5A3E0A062A757455002E8E7A /* Theme+Fonts.swift in Sources */ = {isa = PBXBuildFile; fileRef = 5A3E0A052A757455002E8E7A /* Theme+Fonts.swift */; };
		5A3E0A082A75748E002E8E7A /* Theme+Sizes+Spacing.swift in Sources */ = {isa = PBXBuildFile; fileRef = 5A3E0A072A75748E002E8E7A /* Theme+Sizes+Spacing.swift */; };
		5A3E0A0A2A757923002E8E7A /* Theme+Localizable.swift in Sources */ = {isa = PBXBuildFile; fileRef = 5A3E0A092A757923002E8E7A /* Theme+Localizable.swift */; };
		5A3E0A0C2A75C02C002E8E7A /* Theme+Colors.swift in Sources */ = {isa = PBXBuildFile; fileRef = 5A3E0A0B2A75C02C002E8E7A /* Theme+Colors.swift */; };
		5A3E0A102A760581002E8E7A /* ProfileViewController.swift in Sources */ = {isa = PBXBuildFile; fileRef = 5A3E0A0F2A760581002E8E7A /* ProfileViewController.swift */; };
		5A3E0A122A760A69002E8E7A /* CatalogViewController.swift in Sources */ = {isa = PBXBuildFile; fileRef = 5A3E0A112A760A69002E8E7A /* CatalogViewController.swift */; };
		5A3E0A152A760B88002E8E7A /* ShoppingCartViewController.swift in Sources */ = {isa = PBXBuildFile; fileRef = 5A3E0A142A760B88002E8E7A /* ShoppingCartViewController.swift */; };
		5A3E0A182A760C7F002E8E7A /* StatisticsViewController.swift in Sources */ = {isa = PBXBuildFile; fileRef = 5A3E0A172A760C7F002E8E7A /* StatisticsViewController.swift */; };
		5AC1939A2A742F750011D5E5 /* .gitignore in Resources */ = {isa = PBXBuildFile; fileRef = 5AC193992A742F750011D5E5 /* .gitignore */; };
		5AC1939C2A742F840011D5E5 /* .swiftlint.yml in Resources */ = {isa = PBXBuildFile; fileRef = 5AC1939B2A742F840011D5E5 /* .swiftlint.yml */; };
/* End PBXBuildFile section */

/* Begin PBXContainerItemProxy section */
		3F6806AA29CBBAF200B4F915 /* PBXContainerItemProxy */ = {
			isa = PBXContainerItemProxy;
			containerPortal = 3F68068B29CBBAF100B4F915 /* Project object */;
			proxyType = 1;
			remoteGlobalIDString = 3F68069229CBBAF100B4F915;
			remoteInfo = FakeNFT;
		};
		3F6806B429CBBAF200B4F915 /* PBXContainerItemProxy */ = {
			isa = PBXContainerItemProxy;
			containerPortal = 3F68068B29CBBAF100B4F915 /* Project object */;
			proxyType = 1;
			remoteGlobalIDString = 3F68069229CBBAF100B4F915;
			remoteInfo = FakeNFT;
		};
/* End PBXContainerItemProxy section */

/* Begin PBXFileReference section */
		3F478ECE29DB474E00F6D39E /* Colors.swift */ = {isa = PBXFileReference; lastKnownFileType = sourcecode.swift; path = Colors.swift; sourceTree = "<group>"; };
		3F478ED029DB476500F6D39E /* Fonts.swift */ = {isa = PBXFileReference; lastKnownFileType = sourcecode.swift; path = Fonts.swift; sourceTree = "<group>"; };
		3F68069329CBBAF100B4F915 /* FakeNFT.app */ = {isa = PBXFileReference; explicitFileType = wrapper.application; includeInIndex = 0; path = FakeNFT.app; sourceTree = BUILT_PRODUCTS_DIR; };
		3F68069629CBBAF100B4F915 /* AppDelegate.swift */ = {isa = PBXFileReference; lastKnownFileType = sourcecode.swift; path = AppDelegate.swift; sourceTree = "<group>"; };
		3F68069829CBBAF100B4F915 /* SceneDelegate.swift */ = {isa = PBXFileReference; lastKnownFileType = sourcecode.swift; path = SceneDelegate.swift; sourceTree = "<group>"; };
		3F68069F29CBBAF200B4F915 /* Assets.xcassets */ = {isa = PBXFileReference; lastKnownFileType = folder.assetcatalog; path = Assets.xcassets; sourceTree = "<group>"; };
		3F6806A229CBBAF200B4F915 /* Base */ = {isa = PBXFileReference; lastKnownFileType = file.storyboard; name = Base; path = Base.lproj/LaunchScreen.storyboard; sourceTree = "<group>"; };
		3F6806A429CBBAF200B4F915 /* Info.plist */ = {isa = PBXFileReference; lastKnownFileType = text.plist.xml; path = Info.plist; sourceTree = "<group>"; };
		3F6806A929CBBAF200B4F915 /* FakeNFTTests.xctest */ = {isa = PBXFileReference; explicitFileType = wrapper.cfbundle; includeInIndex = 0; path = FakeNFTTests.xctest; sourceTree = BUILT_PRODUCTS_DIR; };
		3F6806AD29CBBAF200B4F915 /* ExampleUnitTests.swift */ = {isa = PBXFileReference; lastKnownFileType = sourcecode.swift; path = ExampleUnitTests.swift; sourceTree = "<group>"; };
		3F6806B329CBBAF200B4F915 /* FakeNFTUITests.xctest */ = {isa = PBXFileReference; explicitFileType = wrapper.cfbundle; includeInIndex = 0; path = FakeNFTUITests.xctest; sourceTree = BUILT_PRODUCTS_DIR; };
		3F6806B729CBBAF200B4F915 /* FakeNFTUITests.swift */ = {isa = PBXFileReference; lastKnownFileType = sourcecode.swift; path = FakeNFTUITests.swift; sourceTree = "<group>"; };
		5A21C9B82A753CA40098121A /* MainTabBarController.swift */ = {isa = PBXFileReference; lastKnownFileType = sourcecode.swift; path = MainTabBarController.swift; sourceTree = "<group>"; };
		5A21C9BD2A7549A70098121A /* ICellViewModel.swift */ = {isa = PBXFileReference; fileEncoding = 4; lastKnownFileType = sourcecode.swift; path = ICellViewModel.swift; sourceTree = "<group>"; };
		5A21C9C02A7549FD0098121A /* UIView+Animations.swift */ = {isa = PBXFileReference; fileEncoding = 4; lastKnownFileType = sourcecode.swift; path = "UIView+Animations.swift"; sourceTree = "<group>"; };
		5A21C9C12A7549FD0098121A /* UIColor+Hex.swift */ = {isa = PBXFileReference; fileEncoding = 4; lastKnownFileType = sourcecode.swift; path = "UIColor+Hex.swift"; sourceTree = "<group>"; };
		5A21C9C22A7549FD0098121A /* UIViewController+hideKeyboard.swift */ = {isa = PBXFileReference; fileEncoding = 4; lastKnownFileType = sourcecode.swift; path = "UIViewController+hideKeyboard.swift"; sourceTree = "<group>"; };
		5A21C9C32A7549FD0098121A /* UIColor+Dynamic.swift */ = {isa = PBXFileReference; fileEncoding = 4; lastKnownFileType = sourcecode.swift; path = "UIColor+Dynamic.swift"; sourceTree = "<group>"; };
		5A21C9C42A7549FD0098121A /* UITableView+Extensions.swift */ = {isa = PBXFileReference; fileEncoding = 4; lastKnownFileType = sourcecode.swift; path = "UITableView+Extensions.swift"; sourceTree = "<group>"; };
		5A21C9C52A7549FD0098121A /* UIButton+Event.swift */ = {isa = PBXFileReference; fileEncoding = 4; lastKnownFileType = sourcecode.swift; path = "UIButton+Event.swift"; sourceTree = "<group>"; };
		5A21C9C62A7549FD0098121A /* UICollectionView+Extensions.swift */ = {isa = PBXFileReference; fileEncoding = 4; lastKnownFileType = sourcecode.swift; path = "UICollectionView+Extensions.swift"; sourceTree = "<group>"; };
		5A21C9D02A754A2B0098121A /* GradientDirection.swift */ = {isa = PBXFileReference; fileEncoding = 4; lastKnownFileType = sourcecode.swift; path = GradientDirection.swift; sourceTree = "<group>"; };
		5A21C9D12A754A2B0098121A /* UIImage+Gradient.swift */ = {isa = PBXFileReference; fileEncoding = 4; lastKnownFileType = sourcecode.swift; path = "UIImage+Gradient.swift"; sourceTree = "<group>"; };
		5A21C9D22A754A2B0098121A /* CellCorner.swift */ = {isa = PBXFileReference; fileEncoding = 4; lastKnownFileType = sourcecode.swift; path = CellCorner.swift; sourceTree = "<group>"; };
		5A21C9D32A754A2B0098121A /* UserDefaultsBacked.swift */ = {isa = PBXFileReference; fileEncoding = 4; lastKnownFileType = sourcecode.swift; path = UserDefaultsBacked.swift; sourceTree = "<group>"; };
		5A21C9D42A754A2B0098121A /* UIView+Constraints.swift */ = {isa = PBXFileReference; fileEncoding = 4; lastKnownFileType = sourcecode.swift; path = "UIView+Constraints.swift"; sourceTree = "<group>"; };
		5A21C9D52A754A2B0098121A /* UIView+Preview.swift */ = {isa = PBXFileReference; fileEncoding = 4; lastKnownFileType = sourcecode.swift; path = "UIView+Preview.swift"; sourceTree = "<group>"; };
		5A21C9D62A754A2B0098121A /* Observable.swift */ = {isa = PBXFileReference; fileEncoding = 4; lastKnownFileType = sourcecode.swift; path = Observable.swift; sourceTree = "<group>"; };
		5A21C9D72A754A2B0098121A /* UIViewController+Preview.swift */ = {isa = PBXFileReference; fileEncoding = 4; lastKnownFileType = sourcecode.swift; path = "UIViewController+Preview.swift"; sourceTree = "<group>"; };
		5A21C9E12A754AE50098121A /* APIError.swift */ = {isa = PBXFileReference; fileEncoding = 4; lastKnownFileType = sourcecode.swift; path = APIError.swift; sourceTree = "<group>"; };
		5A21C9E22A754AE50098121A /* Model.swift */ = {isa = PBXFileReference; fileEncoding = 4; lastKnownFileType = sourcecode.swift; path = Model.swift; sourceTree = "<group>"; };
		5A21C9E32A754AE50098121A /* APIClient.swift */ = {isa = PBXFileReference; fileEncoding = 4; lastKnownFileType = sourcecode.swift; path = APIClient.swift; sourceTree = "<group>"; };
		5A21C9E42A754AE50098121A /* DataConvert.swift */ = {isa = PBXFileReference; fileEncoding = 4; lastKnownFileType = sourcecode.swift; path = DataConvert.swift; sourceTree = "<group>"; };
		5A21C9E52A754AE50098121A /* NetworkTask.swift */ = {isa = PBXFileReference; fileEncoding = 4; lastKnownFileType = sourcecode.swift; path = NetworkTask.swift; sourceTree = "<group>"; };
		5A21C9E62A754AE50098121A /* Request.swift */ = {isa = PBXFileReference; fileEncoding = 4; lastKnownFileType = sourcecode.swift; path = Request.swift; sourceTree = "<group>"; };
		5A21C9E72A754AE50098121A /* API.swift */ = {isa = PBXFileReference; fileEncoding = 4; lastKnownFileType = sourcecode.swift; path = API.swift; sourceTree = "<group>"; };
		5A21C9EF2A7554B60098121A /* ILoadWithIndicator.swift */ = {isa = PBXFileReference; fileEncoding = 4; lastKnownFileType = sourcecode.swift; path = ILoadWithIndicator.swift; sourceTree = "<group>"; };
		5A21C9F02A7554B60098121A /* ILoadWithProgressHUD.swift */ = {isa = PBXFileReference; fileEncoding = 4; lastKnownFileType = sourcecode.swift; path = ILoadWithProgressHUD.swift; sourceTree = "<group>"; };
		5A21C9F32A75555E0098121A /* Array+Extensions.swift */ = {isa = PBXFileReference; fileEncoding = 4; lastKnownFileType = sourcecode.swift; path = "Array+Extensions.swift"; sourceTree = "<group>"; };
		5A3E0A052A757455002E8E7A /* Theme+Fonts.swift */ = {isa = PBXFileReference; fileEncoding = 4; lastKnownFileType = sourcecode.swift; path = "Theme+Fonts.swift"; sourceTree = "<group>"; };
		5A3E0A072A75748E002E8E7A /* Theme+Sizes+Spacing.swift */ = {isa = PBXFileReference; fileEncoding = 4; lastKnownFileType = sourcecode.swift; path = "Theme+Sizes+Spacing.swift"; sourceTree = "<group>"; };
		5A3E0A092A757923002E8E7A /* Theme+Localizable.swift */ = {isa = PBXFileReference; fileEncoding = 4; lastKnownFileType = sourcecode.swift; path = "Theme+Localizable.swift"; sourceTree = "<group>"; };
		5A3E0A0B2A75C02C002E8E7A /* Theme+Colors.swift */ = {isa = PBXFileReference; fileEncoding = 4; lastKnownFileType = sourcecode.swift; path = "Theme+Colors.swift"; sourceTree = "<group>"; };
		5A3E0A0F2A760581002E8E7A /* ProfileViewController.swift */ = {isa = PBXFileReference; lastKnownFileType = sourcecode.swift; path = ProfileViewController.swift; sourceTree = "<group>"; };
		5A3E0A112A760A69002E8E7A /* CatalogViewController.swift */ = {isa = PBXFileReference; lastKnownFileType = sourcecode.swift; path = CatalogViewController.swift; sourceTree = "<group>"; };
		5A3E0A142A760B88002E8E7A /* ShoppingCartViewController.swift */ = {isa = PBXFileReference; lastKnownFileType = sourcecode.swift; path = ShoppingCartViewController.swift; sourceTree = "<group>"; };
		5A3E0A172A760C7F002E8E7A /* StatisticsViewController.swift */ = {isa = PBXFileReference; lastKnownFileType = sourcecode.swift; path = StatisticsViewController.swift; sourceTree = "<group>"; };
		5AC193992A742F750011D5E5 /* .gitignore */ = {isa = PBXFileReference; fileEncoding = 4; lastKnownFileType = text; path = .gitignore; sourceTree = "<group>"; };
		5AC1939B2A742F840011D5E5 /* .swiftlint.yml */ = {isa = PBXFileReference; fileEncoding = 4; lastKnownFileType = text.yaml; path = .swiftlint.yml; sourceTree = "<group>"; };
/* End PBXFileReference section */

/* Begin PBXFrameworksBuildPhase section */
		3F68069029CBBAF100B4F915 /* Frameworks */ = {
			isa = PBXFrameworksBuildPhase;
			buildActionMask = 2147483647;
			files = (
				3F603CD029DB4A74000C43D7 /* Kingfisher in Frameworks */,
				3F603CCD29DB4A53000C43D7 /* ProgressHUD in Frameworks */,
			);
			runOnlyForDeploymentPostprocessing = 0;
		};
		3F6806A629CBBAF200B4F915 /* Frameworks */ = {
			isa = PBXFrameworksBuildPhase;
			buildActionMask = 2147483647;
			files = (
			);
			runOnlyForDeploymentPostprocessing = 0;
		};
		3F6806B029CBBAF200B4F915 /* Frameworks */ = {
			isa = PBXFrameworksBuildPhase;
			buildActionMask = 2147483647;
			files = (
			);
			runOnlyForDeploymentPostprocessing = 0;
		};
/* End PBXFrameworksBuildPhase section */

/* Begin PBXGroup section */
		3F478ECD29DB473000F6D39E /* DesignSystem */ = {
			isa = PBXGroup;
			children = (
				5A3E0A042A75742B002E8E7A /* Theme */,
				3F478ECE29DB474E00F6D39E /* Colors.swift */,
				3F478ED029DB476500F6D39E /* Fonts.swift */,
			);
			path = DesignSystem;
			sourceTree = "<group>";
		};
		3F68068A29CBBAF100B4F915 = {
			isa = PBXGroup;
			children = (
				5AC193992A742F750011D5E5 /* .gitignore */,
				5AC1939B2A742F840011D5E5 /* .swiftlint.yml */,
				3F68069529CBBAF100B4F915 /* FakeNFT */,
				3F6806AC29CBBAF200B4F915 /* FakeNFTTests */,
				3F6806B629CBBAF200B4F915 /* FakeNFTUITests */,
				3F68069429CBBAF100B4F915 /* Products */,
			);
			sourceTree = "<group>";
		};
		3F68069429CBBAF100B4F915 /* Products */ = {
			isa = PBXGroup;
			children = (
				3F68069329CBBAF100B4F915 /* FakeNFT.app */,
				3F6806A929CBBAF200B4F915 /* FakeNFTTests.xctest */,
				3F6806B329CBBAF200B4F915 /* FakeNFTUITests.xctest */,
			);
			name = Products;
			sourceTree = "<group>";
		};
		3F68069529CBBAF100B4F915 /* FakeNFT */ = {
			isa = PBXGroup;
			children = (
				3F68069629CBBAF100B4F915 /* AppDelegate.swift */,
				3F68069829CBBAF100B4F915 /* SceneDelegate.swift */,
				5A21C9B72A7539290098121A /* Core */,
				5A3E0A0D2A7604F8002E8E7A /* Flows */,
				5A21C9BB2A75496C0098121A /* Library */,
				5A21C9BA2A7543710098121A /* Resources */,
			);
			path = FakeNFT;
			sourceTree = "<group>";
		};
		3F6806AC29CBBAF200B4F915 /* FakeNFTTests */ = {
			isa = PBXGroup;
			children = (
				3F6806AD29CBBAF200B4F915 /* ExampleUnitTests.swift */,
			);
			path = FakeNFTTests;
			sourceTree = "<group>";
		};
		3F6806B629CBBAF200B4F915 /* FakeNFTUITests */ = {
			isa = PBXGroup;
			children = (
				3F6806B729CBBAF200B4F915 /* FakeNFTUITests.swift */,
			);
			path = FakeNFTUITests;
			sourceTree = "<group>";
		};
		5A21C9B72A7539290098121A /* Core */ = {
			isa = PBXGroup;
			children = (
				5A21C9B82A753CA40098121A /* MainTabBarController.swift */,
			);
			path = Core;
			sourceTree = "<group>";
		};
		5A21C9BA2A7543710098121A /* Resources */ = {
			isa = PBXGroup;
			children = (
				3F478ECD29DB473000F6D39E /* DesignSystem */,
				3F68069F29CBBAF200B4F915 /* Assets.xcassets */,
				3F6806A129CBBAF200B4F915 /* LaunchScreen.storyboard */,
				3F6806A429CBBAF200B4F915 /* Info.plist */,
			);
			path = Resources;
			sourceTree = "<group>";
		};
		5A21C9BB2A75496C0098121A /* Library */ = {
			isa = PBXGroup;
			children = (
				5A21C9BC2A7549A70098121A /* Protocols */,
				5A21C9BF2A7549FD0098121A /* Extensions */,
				5A21C9CE2A754A2B0098121A /* Utils */,
				5A21C9E02A754AE50098121A /* Networking */,
			);
			path = Library;
			sourceTree = "<group>";
		};
		5A21C9BC2A7549A70098121A /* Protocols */ = {
			isa = PBXGroup;
			children = (
				5A21C9BD2A7549A70098121A /* ICellViewModel.swift */,
				5A21C9EF2A7554B60098121A /* ILoadWithIndicator.swift */,
				5A21C9F02A7554B60098121A /* ILoadWithProgressHUD.swift */,
			);
			path = Protocols;
			sourceTree = "<group>";
		};
		5A21C9BF2A7549FD0098121A /* Extensions */ = {
			isa = PBXGroup;
			children = (
				5A21C9F32A75555E0098121A /* Array+Extensions.swift */,
				5A21C9C52A7549FD0098121A /* UIButton+Event.swift */,
				5A21C9C32A7549FD0098121A /* UIColor+Dynamic.swift */,
				5A21C9C12A7549FD0098121A /* UIColor+Hex.swift */,
				5A21C9C02A7549FD0098121A /* UIView+Animations.swift */,
				5A21C9C22A7549FD0098121A /* UIViewController+hideKeyboard.swift */,
				5A21C9C42A7549FD0098121A /* UITableView+Extensions.swift */,
				5A21C9C62A7549FD0098121A /* UICollectionView+Extensions.swift */,
			);
			path = Extensions;
			sourceTree = "<group>";
		};
		5A21C9CE2A754A2B0098121A /* Utils */ = {
			isa = PBXGroup;
			children = (
				5A21C9CF2A754A2B0098121A /* Gradient */,
				5A21C9D22A754A2B0098121A /* CellCorner.swift */,
				5A21C9D42A754A2B0098121A /* UIView+Constraints.swift */,
				5A21C9D62A754A2B0098121A /* Observable.swift */,
				5A21C9D52A754A2B0098121A /* UIView+Preview.swift */,
				5A21C9D72A754A2B0098121A /* UIViewController+Preview.swift */,
				5A21C9D32A754A2B0098121A /* UserDefaultsBacked.swift */,
			);
			path = Utils;
			sourceTree = "<group>";
		};
		5A21C9CF2A754A2B0098121A /* Gradient */ = {
			isa = PBXGroup;
			children = (
				5A21C9D02A754A2B0098121A /* GradientDirection.swift */,
				5A21C9D12A754A2B0098121A /* UIImage+Gradient.swift */,
			);
			path = Gradient;
			sourceTree = "<group>";
		};
		5A21C9E02A754AE50098121A /* Networking */ = {
			isa = PBXGroup;
			children = (
				5A21C9E32A754AE50098121A /* APIClient.swift */,
				5A21C9E12A754AE50098121A /* APIError.swift */,
				5A21C9E72A754AE50098121A /* API.swift */,
				5A21C9E62A754AE50098121A /* Request.swift */,
				5A21C9E52A754AE50098121A /* NetworkTask.swift */,
				5A21C9E42A754AE50098121A /* DataConvert.swift */,
				5A21C9E22A754AE50098121A /* Model.swift */,
			);
			path = Networking;
			sourceTree = "<group>";
		};
		5A3E0A042A75742B002E8E7A /* Theme */ = {
			isa = PBXGroup;
			children = (
				5A3E0A052A757455002E8E7A /* Theme+Fonts.swift */,
				5A3E0A0B2A75C02C002E8E7A /* Theme+Colors.swift */,
				5A3E0A072A75748E002E8E7A /* Theme+Sizes+Spacing.swift */,
				5A3E0A092A757923002E8E7A /* Theme+Localizable.swift */,
			);
			path = Theme;
			sourceTree = "<group>";
		};
		5A3E0A0D2A7604F8002E8E7A /* Flows */ = {
			isa = PBXGroup;
			children = (
				5A3E0A0E2A76052A002E8E7A /* Profile */,
				5A3E0A132A760AF7002E8E7A /* Catalog */,
				5A3E0A162A760BD5002E8E7A /* ShoppingCart */,
				5A3E0A192A760CF6002E8E7A /* Statistics */,
			);
			path = Flows;
			sourceTree = "<group>";
		};
		5A3E0A0E2A76052A002E8E7A /* Profile */ = {
			isa = PBXGroup;
			children = (
				5A3E0A0F2A760581002E8E7A /* ProfileViewController.swift */,
			);
			path = Profile;
			sourceTree = "<group>";
		};
		5A3E0A132A760AF7002E8E7A /* Catalog */ = {
			isa = PBXGroup;
			children = (
				5A3E0A112A760A69002E8E7A /* CatalogViewController.swift */,
			);
			path = Catalog;
			sourceTree = "<group>";
		};
		5A3E0A162A760BD5002E8E7A /* ShoppingCart */ = {
			isa = PBXGroup;
			children = (
				5A3E0A142A760B88002E8E7A /* ShoppingCartViewController.swift */,
			);
			path = ShoppingCart;
			sourceTree = "<group>";
		};
		5A3E0A192A760CF6002E8E7A /* Statistics */ = {
			isa = PBXGroup;
			children = (
				5A3E0A172A760C7F002E8E7A /* StatisticsViewController.swift */,
			);
			path = Statistics;
			sourceTree = "<group>";
		};
/* End PBXGroup section */

/* Begin PBXNativeTarget section */
		3F68069229CBBAF100B4F915 /* FakeNFT */ = {
			isa = PBXNativeTarget;
			buildConfigurationList = 3F6806BD29CBBAF200B4F915 /* Build configuration list for PBXNativeTarget "FakeNFT" */;
			buildPhases = (
				3FC8C39529D24CDB0081F015 /* Swiftlint */,
				3F68068F29CBBAF100B4F915 /* Sources */,
				3F68069029CBBAF100B4F915 /* Frameworks */,
				3F68069129CBBAF100B4F915 /* Resources */,
			);
			buildRules = (
			);
			dependencies = (
			);
			name = FakeNFT;
			packageProductDependencies = (
				3F603CCC29DB4A53000C43D7 /* ProgressHUD */,
				3F603CCF29DB4A74000C43D7 /* Kingfisher */,
			);
			productName = FakeNFT;
			productReference = 3F68069329CBBAF100B4F915 /* FakeNFT.app */;
			productType = "com.apple.product-type.application";
		};
		3F6806A829CBBAF200B4F915 /* FakeNFTTests */ = {
			isa = PBXNativeTarget;
			buildConfigurationList = 3F6806C029CBBAF200B4F915 /* Build configuration list for PBXNativeTarget "FakeNFTTests" */;
			buildPhases = (
				3F6806A529CBBAF200B4F915 /* Sources */,
				3F6806A629CBBAF200B4F915 /* Frameworks */,
				3F6806A729CBBAF200B4F915 /* Resources */,
			);
			buildRules = (
			);
			dependencies = (
				3F6806AB29CBBAF200B4F915 /* PBXTargetDependency */,
			);
			name = FakeNFTTests;
			productName = FakeNFTTests;
			productReference = 3F6806A929CBBAF200B4F915 /* FakeNFTTests.xctest */;
			productType = "com.apple.product-type.bundle.unit-test";
		};
		3F6806B229CBBAF200B4F915 /* FakeNFTUITests */ = {
			isa = PBXNativeTarget;
			buildConfigurationList = 3F6806C329CBBAF200B4F915 /* Build configuration list for PBXNativeTarget "FakeNFTUITests" */;
			buildPhases = (
				3F6806AF29CBBAF200B4F915 /* Sources */,
				3F6806B029CBBAF200B4F915 /* Frameworks */,
				3F6806B129CBBAF200B4F915 /* Resources */,
			);
			buildRules = (
			);
			dependencies = (
				3F6806B529CBBAF200B4F915 /* PBXTargetDependency */,
			);
			name = FakeNFTUITests;
			productName = FakeNFTUITests;
			productReference = 3F6806B329CBBAF200B4F915 /* FakeNFTUITests.xctest */;
			productType = "com.apple.product-type.bundle.ui-testing";
		};
/* End PBXNativeTarget section */

/* Begin PBXProject section */
		3F68068B29CBBAF100B4F915 /* Project object */ = {
			isa = PBXProject;
			attributes = {
				BuildIndependentTargetsInParallel = 1;
				LastSwiftUpdateCheck = 1420;
				LastUpgradeCheck = 1420;
				TargetAttributes = {
					3F68069229CBBAF100B4F915 = {
						CreatedOnToolsVersion = 14.2;
					};
					3F6806A829CBBAF200B4F915 = {
						CreatedOnToolsVersion = 14.2;
						TestTargetID = 3F68069229CBBAF100B4F915;
					};
					3F6806B229CBBAF200B4F915 = {
						CreatedOnToolsVersion = 14.2;
						TestTargetID = 3F68069229CBBAF100B4F915;
					};
				};
			};
			buildConfigurationList = 3F68068E29CBBAF100B4F915 /* Build configuration list for PBXProject "FakeNFT" */;
			compatibilityVersion = "Xcode 13.0";
			developmentRegion = en;
			hasScannedForEncodings = 0;
			knownRegions = (
				en,
				Base,
			);
			mainGroup = 3F68068A29CBBAF100B4F915;
			packageReferences = (
				3F603CCB29DB4A53000C43D7 /* XCRemoteSwiftPackageReference "ProgressHUD" */,
				3F603CCE29DB4A74000C43D7 /* XCRemoteSwiftPackageReference "Kingfisher" */,
			);
			productRefGroup = 3F68069429CBBAF100B4F915 /* Products */;
			projectDirPath = "";
			projectRoot = "";
			targets = (
				3F68069229CBBAF100B4F915 /* FakeNFT */,
				3F6806A829CBBAF200B4F915 /* FakeNFTTests */,
				3F6806B229CBBAF200B4F915 /* FakeNFTUITests */,
			);
		};
/* End PBXProject section */

/* Begin PBXResourcesBuildPhase section */
		3F68069129CBBAF100B4F915 /* Resources */ = {
			isa = PBXResourcesBuildPhase;
			buildActionMask = 2147483647;
			files = (
				5AC1939C2A742F840011D5E5 /* .swiftlint.yml in Resources */,
				5AC1939A2A742F750011D5E5 /* .gitignore in Resources */,
				3F6806A329CBBAF200B4F915 /* LaunchScreen.storyboard in Resources */,
				3F6806A029CBBAF200B4F915 /* Assets.xcassets in Resources */,
			);
			runOnlyForDeploymentPostprocessing = 0;
		};
		3F6806A729CBBAF200B4F915 /* Resources */ = {
			isa = PBXResourcesBuildPhase;
			buildActionMask = 2147483647;
			files = (
			);
			runOnlyForDeploymentPostprocessing = 0;
		};
		3F6806B129CBBAF200B4F915 /* Resources */ = {
			isa = PBXResourcesBuildPhase;
			buildActionMask = 2147483647;
			files = (
			);
			runOnlyForDeploymentPostprocessing = 0;
		};
/* End PBXResourcesBuildPhase section */

/* Begin PBXShellScriptBuildPhase section */
		3FC8C39529D24CDB0081F015 /* Swiftlint */ = {
			isa = PBXShellScriptBuildPhase;
			buildActionMask = 2147483647;
			files = (
			);
			inputFileListPaths = (
			);
			inputPaths = (
			);
			name = Swiftlint;
			outputFileListPaths = (
			);
			outputPaths = (
			);
			runOnlyForDeploymentPostprocessing = 0;
			shellPath = /bin/sh;
			shellScript = "export PATH=\"$PATH:/opt/homebrew/bin\"\nif which swiftlint > /dev/null; then\n  swiftlint --fix && swiftlint\nelse\n  echo \"warning: SwiftLint not installed, download from https://github.com/realm/SwiftLint\"\nfi\n";
		};
/* End PBXShellScriptBuildPhase section */

/* Begin PBXSourcesBuildPhase section */
		3F68068F29CBBAF100B4F915 /* Sources */ = {
			isa = PBXSourcesBuildPhase;
			buildActionMask = 2147483647;
			files = (
				3F478ECF29DB474E00F6D39E /* Colors.swift in Sources */,
				5A21C9C82A7549FD0098121A /* UIColor+Hex.swift in Sources */,
				5A21C9C72A7549FD0098121A /* UIView+Animations.swift in Sources */,
				5A21C9DC2A754A2B0098121A /* UIView+Constraints.swift in Sources */,
				5A3E0A082A75748E002E8E7A /* Theme+Sizes+Spacing.swift in Sources */,
				5A21C9CA2A7549FD0098121A /* UIColor+Dynamic.swift in Sources */,
				5A3E0A102A760581002E8E7A /* ProfileViewController.swift in Sources */,
				5A21C9DA2A754A2B0098121A /* CellCorner.swift in Sources */,
				5A21C9EE2A754AE50098121A /* API.swift in Sources */,
				5A21C9F12A7554B60098121A /* ILoadWithIndicator.swift in Sources */,
				5A21C9DD2A754A2B0098121A /* UIView+Preview.swift in Sources */,
				5A3E0A0A2A757923002E8E7A /* Theme+Localizable.swift in Sources */,
				5A3E0A182A760C7F002E8E7A /* StatisticsViewController.swift in Sources */,
				5A21C9F42A75555E0098121A /* Array+Extensions.swift in Sources */,
				5A21C9C92A7549FD0098121A /* UIViewController+hideKeyboard.swift in Sources */,
				3F478ED129DB476500F6D39E /* Fonts.swift in Sources */,
				5A21C9EC2A754AE50098121A /* NetworkTask.swift in Sources */,
				5A21C9B92A753CA40098121A /* MainTabBarController.swift in Sources */,
				5A21C9CB2A7549FD0098121A /* UITableView+Extensions.swift in Sources */,
				5A21C9EA2A754AE50098121A /* APIClient.swift in Sources */,
				3F68069729CBBAF100B4F915 /* AppDelegate.swift in Sources */,
				5A21C9BE2A7549A70098121A /* ICellViewModel.swift in Sources */,
				5A21C9CD2A7549FD0098121A /* UICollectionView+Extensions.swift in Sources */,
				5A21C9ED2A754AE50098121A /* Request.swift in Sources */,
				5A3E0A062A757455002E8E7A /* Theme+Fonts.swift in Sources */,
				5A3E0A152A760B88002E8E7A /* ShoppingCartViewController.swift in Sources */,
				5A21C9E92A754AE50098121A /* Model.swift in Sources */,
				5A21C9DB2A754A2B0098121A /* UserDefaultsBacked.swift in Sources */,
				5A21C9DF2A754A2B0098121A /* UIViewController+Preview.swift in Sources */,
				5A21C9F22A7554B60098121A /* ILoadWithProgressHUD.swift in Sources */,
				5A21C9D82A754A2B0098121A /* GradientDirection.swift in Sources */,
				5A21C9EB2A754AE50098121A /* DataConvert.swift in Sources */,
				5A3E0A122A760A69002E8E7A /* CatalogViewController.swift in Sources */,
				5A3E0A0C2A75C02C002E8E7A /* Theme+Colors.swift in Sources */,
				5A21C9DE2A754A2B0098121A /* Observable.swift in Sources */,
				5A21C9CC2A7549FD0098121A /* UIButton+Event.swift in Sources */,
				5A21C9D92A754A2B0098121A /* UIImage+Gradient.swift in Sources */,
				3F68069929CBBAF100B4F915 /* SceneDelegate.swift in Sources */,
				5A21C9E82A754AE50098121A /* APIError.swift in Sources */,
			);
			runOnlyForDeploymentPostprocessing = 0;
		};
		3F6806A529CBBAF200B4F915 /* Sources */ = {
			isa = PBXSourcesBuildPhase;
			buildActionMask = 2147483647;
			files = (
				3F6806AE29CBBAF200B4F915 /* ExampleUnitTests.swift in Sources */,
			);
			runOnlyForDeploymentPostprocessing = 0;
		};
		3F6806AF29CBBAF200B4F915 /* Sources */ = {
			isa = PBXSourcesBuildPhase;
			buildActionMask = 2147483647;
			files = (
				3F6806B829CBBAF200B4F915 /* FakeNFTUITests.swift in Sources */,
			);
			runOnlyForDeploymentPostprocessing = 0;
		};
/* End PBXSourcesBuildPhase section */

/* Begin PBXTargetDependency section */
		3F6806AB29CBBAF200B4F915 /* PBXTargetDependency */ = {
			isa = PBXTargetDependency;
			target = 3F68069229CBBAF100B4F915 /* FakeNFT */;
			targetProxy = 3F6806AA29CBBAF200B4F915 /* PBXContainerItemProxy */;
		};
		3F6806B529CBBAF200B4F915 /* PBXTargetDependency */ = {
			isa = PBXTargetDependency;
			target = 3F68069229CBBAF100B4F915 /* FakeNFT */;
			targetProxy = 3F6806B429CBBAF200B4F915 /* PBXContainerItemProxy */;
		};
/* End PBXTargetDependency section */

/* Begin PBXVariantGroup section */
		3F6806A129CBBAF200B4F915 /* LaunchScreen.storyboard */ = {
			isa = PBXVariantGroup;
			children = (
				3F6806A229CBBAF200B4F915 /* Base */,
			);
			name = LaunchScreen.storyboard;
			sourceTree = "<group>";
		};
/* End PBXVariantGroup section */

/* Begin XCBuildConfiguration section */
		3F6806BB29CBBAF200B4F915 /* Debug */ = {
			isa = XCBuildConfiguration;
			buildSettings = {
				ALWAYS_SEARCH_USER_PATHS = NO;
				CLANG_ANALYZER_NONNULL = YES;
				CLANG_ANALYZER_NUMBER_OBJECT_CONVERSION = YES_AGGRESSIVE;
				CLANG_CXX_LANGUAGE_STANDARD = "gnu++20";
				CLANG_ENABLE_MODULES = YES;
				CLANG_ENABLE_OBJC_ARC = YES;
				CLANG_ENABLE_OBJC_WEAK = YES;
				CLANG_WARN_BLOCK_CAPTURE_AUTORELEASING = YES;
				CLANG_WARN_BOOL_CONVERSION = YES;
				CLANG_WARN_COMMA = YES;
				CLANG_WARN_CONSTANT_CONVERSION = YES;
				CLANG_WARN_DEPRECATED_OBJC_IMPLEMENTATIONS = YES;
				CLANG_WARN_DIRECT_OBJC_ISA_USAGE = YES_ERROR;
				CLANG_WARN_DOCUMENTATION_COMMENTS = YES;
				CLANG_WARN_EMPTY_BODY = YES;
				CLANG_WARN_ENUM_CONVERSION = YES;
				CLANG_WARN_INFINITE_RECURSION = YES;
				CLANG_WARN_INT_CONVERSION = YES;
				CLANG_WARN_NON_LITERAL_NULL_CONVERSION = YES;
				CLANG_WARN_OBJC_IMPLICIT_RETAIN_SELF = YES;
				CLANG_WARN_OBJC_LITERAL_CONVERSION = YES;
				CLANG_WARN_OBJC_ROOT_CLASS = YES_ERROR;
				CLANG_WARN_QUOTED_INCLUDE_IN_FRAMEWORK_HEADER = YES;
				CLANG_WARN_RANGE_LOOP_ANALYSIS = YES;
				CLANG_WARN_STRICT_PROTOTYPES = YES;
				CLANG_WARN_SUSPICIOUS_MOVE = YES;
				CLANG_WARN_UNGUARDED_AVAILABILITY = YES_AGGRESSIVE;
				CLANG_WARN_UNREACHABLE_CODE = YES;
				CLANG_WARN__DUPLICATE_METHOD_MATCH = YES;
				COPY_PHASE_STRIP = NO;
				DEBUG_INFORMATION_FORMAT = dwarf;
				ENABLE_STRICT_OBJC_MSGSEND = YES;
				ENABLE_TESTABILITY = YES;
				GCC_C_LANGUAGE_STANDARD = gnu11;
				GCC_DYNAMIC_NO_PIC = NO;
				GCC_NO_COMMON_BLOCKS = YES;
				GCC_OPTIMIZATION_LEVEL = 0;
				GCC_PREPROCESSOR_DEFINITIONS = (
					"DEBUG=1",
					"$(inherited)",
				);
				GCC_WARN_64_TO_32_BIT_CONVERSION = YES;
				GCC_WARN_ABOUT_RETURN_TYPE = YES_ERROR;
				GCC_WARN_UNDECLARED_SELECTOR = YES;
				GCC_WARN_UNINITIALIZED_AUTOS = YES_AGGRESSIVE;
				GCC_WARN_UNUSED_FUNCTION = YES;
				GCC_WARN_UNUSED_VARIABLE = YES;
				IPHONEOS_DEPLOYMENT_TARGET = 13.0;
				MTL_ENABLE_DEBUG_INFO = INCLUDE_SOURCE;
				MTL_FAST_MATH = YES;
				ONLY_ACTIVE_ARCH = YES;
				SDKROOT = iphoneos;
				SWIFT_ACTIVE_COMPILATION_CONDITIONS = DEBUG;
				SWIFT_OPTIMIZATION_LEVEL = "-Onone";
			};
			name = Debug;
		};
		3F6806BC29CBBAF200B4F915 /* Release */ = {
			isa = XCBuildConfiguration;
			buildSettings = {
				ALWAYS_SEARCH_USER_PATHS = NO;
				CLANG_ANALYZER_NONNULL = YES;
				CLANG_ANALYZER_NUMBER_OBJECT_CONVERSION = YES_AGGRESSIVE;
				CLANG_CXX_LANGUAGE_STANDARD = "gnu++20";
				CLANG_ENABLE_MODULES = YES;
				CLANG_ENABLE_OBJC_ARC = YES;
				CLANG_ENABLE_OBJC_WEAK = YES;
				CLANG_WARN_BLOCK_CAPTURE_AUTORELEASING = YES;
				CLANG_WARN_BOOL_CONVERSION = YES;
				CLANG_WARN_COMMA = YES;
				CLANG_WARN_CONSTANT_CONVERSION = YES;
				CLANG_WARN_DEPRECATED_OBJC_IMPLEMENTATIONS = YES;
				CLANG_WARN_DIRECT_OBJC_ISA_USAGE = YES_ERROR;
				CLANG_WARN_DOCUMENTATION_COMMENTS = YES;
				CLANG_WARN_EMPTY_BODY = YES;
				CLANG_WARN_ENUM_CONVERSION = YES;
				CLANG_WARN_INFINITE_RECURSION = YES;
				CLANG_WARN_INT_CONVERSION = YES;
				CLANG_WARN_NON_LITERAL_NULL_CONVERSION = YES;
				CLANG_WARN_OBJC_IMPLICIT_RETAIN_SELF = YES;
				CLANG_WARN_OBJC_LITERAL_CONVERSION = YES;
				CLANG_WARN_OBJC_ROOT_CLASS = YES_ERROR;
				CLANG_WARN_QUOTED_INCLUDE_IN_FRAMEWORK_HEADER = YES;
				CLANG_WARN_RANGE_LOOP_ANALYSIS = YES;
				CLANG_WARN_STRICT_PROTOTYPES = YES;
				CLANG_WARN_SUSPICIOUS_MOVE = YES;
				CLANG_WARN_UNGUARDED_AVAILABILITY = YES_AGGRESSIVE;
				CLANG_WARN_UNREACHABLE_CODE = YES;
				CLANG_WARN__DUPLICATE_METHOD_MATCH = YES;
				COPY_PHASE_STRIP = NO;
				DEBUG_INFORMATION_FORMAT = "dwarf-with-dsym";
				ENABLE_NS_ASSERTIONS = NO;
				ENABLE_STRICT_OBJC_MSGSEND = YES;
				GCC_C_LANGUAGE_STANDARD = gnu11;
				GCC_NO_COMMON_BLOCKS = YES;
				GCC_WARN_64_TO_32_BIT_CONVERSION = YES;
				GCC_WARN_ABOUT_RETURN_TYPE = YES_ERROR;
				GCC_WARN_UNDECLARED_SELECTOR = YES;
				GCC_WARN_UNINITIALIZED_AUTOS = YES_AGGRESSIVE;
				GCC_WARN_UNUSED_FUNCTION = YES;
				GCC_WARN_UNUSED_VARIABLE = YES;
				IPHONEOS_DEPLOYMENT_TARGET = 13.0;
				MTL_ENABLE_DEBUG_INFO = NO;
				MTL_FAST_MATH = YES;
				SDKROOT = iphoneos;
				SWIFT_COMPILATION_MODE = wholemodule;
				SWIFT_OPTIMIZATION_LEVEL = "-O";
				VALIDATE_PRODUCT = YES;
			};
			name = Release;
		};
		3F6806BE29CBBAF200B4F915 /* Debug */ = {
			isa = XCBuildConfiguration;
			buildSettings = {
				ASSETCATALOG_COMPILER_APPICON_NAME = AppIcon;
				ASSETCATALOG_COMPILER_GLOBAL_ACCENT_COLOR_NAME = AccentColor;
				CODE_SIGN_STYLE = Automatic;
				CURRENT_PROJECT_VERSION = 1;
				GENERATE_INFOPLIST_FILE = YES;
				INFOPLIST_FILE = FakeNFT/Resources/Info.plist;
				INFOPLIST_KEY_UIApplicationSupportsIndirectInputEvents = YES;
				INFOPLIST_KEY_UILaunchStoryboardName = LaunchScreen;
				INFOPLIST_KEY_UISupportedInterfaceOrientations = UIInterfaceOrientationPortrait;
				INFOPLIST_KEY_UISupportedInterfaceOrientations_iPad = "UIInterfaceOrientationPortrait UIInterfaceOrientationPortraitUpsideDown UIInterfaceOrientationLandscapeLeft UIInterfaceOrientationLandscapeRight";
				INFOPLIST_KEY_UISupportedInterfaceOrientations_iPhone = UIInterfaceOrientationPortrait;
				IPHONEOS_DEPLOYMENT_TARGET = 13.0;
				LD_RUNPATH_SEARCH_PATHS = (
					"$(inherited)",
					"@executable_path/Frameworks",
				);
				MARKETING_VERSION = 1.0;
				PRODUCT_BUNDLE_IDENTIFIER = com.practicum.FakeNFT;
				PRODUCT_NAME = "$(TARGET_NAME)";
				SWIFT_EMIT_LOC_STRINGS = YES;
				SWIFT_VERSION = 5.0;
				TARGETED_DEVICE_FAMILY = 1;
			};
			name = Debug;
		};
		3F6806BF29CBBAF200B4F915 /* Release */ = {
			isa = XCBuildConfiguration;
			buildSettings = {
				ASSETCATALOG_COMPILER_APPICON_NAME = AppIcon;
				ASSETCATALOG_COMPILER_GLOBAL_ACCENT_COLOR_NAME = AccentColor;
				CODE_SIGN_STYLE = Automatic;
				CURRENT_PROJECT_VERSION = 1;
				GENERATE_INFOPLIST_FILE = YES;
				INFOPLIST_FILE = FakeNFT/Resources/Info.plist;
				INFOPLIST_KEY_UIApplicationSupportsIndirectInputEvents = YES;
				INFOPLIST_KEY_UILaunchStoryboardName = LaunchScreen;
				INFOPLIST_KEY_UISupportedInterfaceOrientations = UIInterfaceOrientationPortrait;
				INFOPLIST_KEY_UISupportedInterfaceOrientations_iPad = "UIInterfaceOrientationPortrait UIInterfaceOrientationPortraitUpsideDown UIInterfaceOrientationLandscapeLeft UIInterfaceOrientationLandscapeRight";
				INFOPLIST_KEY_UISupportedInterfaceOrientations_iPhone = UIInterfaceOrientationPortrait;
				IPHONEOS_DEPLOYMENT_TARGET = 13.0;
				LD_RUNPATH_SEARCH_PATHS = (
					"$(inherited)",
					"@executable_path/Frameworks",
				);
				MARKETING_VERSION = 1.0;
				PRODUCT_BUNDLE_IDENTIFIER = com.practicum.FakeNFT;
				PRODUCT_NAME = "$(TARGET_NAME)";
				SWIFT_EMIT_LOC_STRINGS = YES;
				SWIFT_VERSION = 5.0;
				TARGETED_DEVICE_FAMILY = 1;
			};
			name = Release;
		};
		3F6806C129CBBAF200B4F915 /* Debug */ = {
			isa = XCBuildConfiguration;
			buildSettings = {
				ALWAYS_EMBED_SWIFT_STANDARD_LIBRARIES = YES;
				BUNDLE_LOADER = "$(TEST_HOST)";
				CODE_SIGN_STYLE = Automatic;
				CURRENT_PROJECT_VERSION = 1;
				GENERATE_INFOPLIST_FILE = YES;
				IPHONEOS_DEPLOYMENT_TARGET = 15.2;
				MARKETING_VERSION = 1.0;
				PRODUCT_BUNDLE_IDENTIFIER = com.practicum.FakeNFTTests;
				PRODUCT_NAME = "$(TARGET_NAME)";
				SWIFT_EMIT_LOC_STRINGS = NO;
				SWIFT_VERSION = 5.0;
				TARGETED_DEVICE_FAMILY = "1,2";
				TEST_HOST = "$(BUILT_PRODUCTS_DIR)/FakeNFT.app/$(BUNDLE_EXECUTABLE_FOLDER_PATH)/FakeNFT";
			};
			name = Debug;
		};
		3F6806C229CBBAF200B4F915 /* Release */ = {
			isa = XCBuildConfiguration;
			buildSettings = {
				ALWAYS_EMBED_SWIFT_STANDARD_LIBRARIES = YES;
				BUNDLE_LOADER = "$(TEST_HOST)";
				CODE_SIGN_STYLE = Automatic;
				CURRENT_PROJECT_VERSION = 1;
				GENERATE_INFOPLIST_FILE = YES;
				IPHONEOS_DEPLOYMENT_TARGET = 15.2;
				MARKETING_VERSION = 1.0;
				PRODUCT_BUNDLE_IDENTIFIER = com.practicum.FakeNFTTests;
				PRODUCT_NAME = "$(TARGET_NAME)";
				SWIFT_EMIT_LOC_STRINGS = NO;
				SWIFT_VERSION = 5.0;
				TARGETED_DEVICE_FAMILY = "1,2";
				TEST_HOST = "$(BUILT_PRODUCTS_DIR)/FakeNFT.app/$(BUNDLE_EXECUTABLE_FOLDER_PATH)/FakeNFT";
			};
			name = Release;
		};
		3F6806C429CBBAF200B4F915 /* Debug */ = {
			isa = XCBuildConfiguration;
			buildSettings = {
				ALWAYS_EMBED_SWIFT_STANDARD_LIBRARIES = YES;
				CODE_SIGN_STYLE = Automatic;
				CURRENT_PROJECT_VERSION = 1;
				GENERATE_INFOPLIST_FILE = YES;
				MARKETING_VERSION = 1.0;
				PRODUCT_BUNDLE_IDENTIFIER = com.practicum.FakeNFTUITests;
				PRODUCT_NAME = "$(TARGET_NAME)";
				SWIFT_EMIT_LOC_STRINGS = NO;
				SWIFT_VERSION = 5.0;
				TARGETED_DEVICE_FAMILY = "1,2";
				TEST_TARGET_NAME = FakeNFT;
			};
			name = Debug;
		};
		3F6806C529CBBAF200B4F915 /* Release */ = {
			isa = XCBuildConfiguration;
			buildSettings = {
				ALWAYS_EMBED_SWIFT_STANDARD_LIBRARIES = YES;
				CODE_SIGN_STYLE = Automatic;
				CURRENT_PROJECT_VERSION = 1;
				GENERATE_INFOPLIST_FILE = YES;
				MARKETING_VERSION = 1.0;
				PRODUCT_BUNDLE_IDENTIFIER = com.practicum.FakeNFTUITests;
				PRODUCT_NAME = "$(TARGET_NAME)";
				SWIFT_EMIT_LOC_STRINGS = NO;
				SWIFT_VERSION = 5.0;
				TARGETED_DEVICE_FAMILY = "1,2";
				TEST_TARGET_NAME = FakeNFT;
			};
			name = Release;
		};
/* End XCBuildConfiguration section */

/* Begin XCConfigurationList section */
		3F68068E29CBBAF100B4F915 /* Build configuration list for PBXProject "FakeNFT" */ = {
			isa = XCConfigurationList;
			buildConfigurations = (
				3F6806BB29CBBAF200B4F915 /* Debug */,
				3F6806BC29CBBAF200B4F915 /* Release */,
			);
			defaultConfigurationIsVisible = 0;
			defaultConfigurationName = Release;
		};
		3F6806BD29CBBAF200B4F915 /* Build configuration list for PBXNativeTarget "FakeNFT" */ = {
			isa = XCConfigurationList;
			buildConfigurations = (
				3F6806BE29CBBAF200B4F915 /* Debug */,
				3F6806BF29CBBAF200B4F915 /* Release */,
			);
			defaultConfigurationIsVisible = 0;
			defaultConfigurationName = Release;
		};
		3F6806C029CBBAF200B4F915 /* Build configuration list for PBXNativeTarget "FakeNFTTests" */ = {
			isa = XCConfigurationList;
			buildConfigurations = (
				3F6806C129CBBAF200B4F915 /* Debug */,
				3F6806C229CBBAF200B4F915 /* Release */,
			);
			defaultConfigurationIsVisible = 0;
			defaultConfigurationName = Release;
		};
		3F6806C329CBBAF200B4F915 /* Build configuration list for PBXNativeTarget "FakeNFTUITests" */ = {
			isa = XCConfigurationList;
			buildConfigurations = (
				3F6806C429CBBAF200B4F915 /* Debug */,
				3F6806C529CBBAF200B4F915 /* Release */,
			);
			defaultConfigurationIsVisible = 0;
			defaultConfigurationName = Release;
		};
/* End XCConfigurationList section */

/* Begin XCRemoteSwiftPackageReference section */
		3F603CCB29DB4A53000C43D7 /* XCRemoteSwiftPackageReference "ProgressHUD" */ = {
			isa = XCRemoteSwiftPackageReference;
			repositoryURL = "https://github.com/relatedcode/ProgressHUD";
			requirement = {
				kind = exactVersion;
				version = 13.6.2;
			};
		};
		3F603CCE29DB4A74000C43D7 /* XCRemoteSwiftPackageReference "Kingfisher" */ = {
			isa = XCRemoteSwiftPackageReference;
			repositoryURL = "https://github.com/onevcat/Kingfisher.git";
			requirement = {
				kind = exactVersion;
				version = 7.6.1;
			};
		};
/* End XCRemoteSwiftPackageReference section */

/* Begin XCSwiftPackageProductDependency section */
		3F603CCC29DB4A53000C43D7 /* ProgressHUD */ = {
			isa = XCSwiftPackageProductDependency;
			package = 3F603CCB29DB4A53000C43D7 /* XCRemoteSwiftPackageReference "ProgressHUD" */;
			productName = ProgressHUD;
		};
		3F603CCF29DB4A74000C43D7 /* Kingfisher */ = {
			isa = XCSwiftPackageProductDependency;
			package = 3F603CCE29DB4A74000C43D7 /* XCRemoteSwiftPackageReference "Kingfisher" */;
			productName = Kingfisher;
		};
/* End XCSwiftPackageProductDependency section */
	};
	rootObject = 3F68068B29CBBAF100B4F915 /* Project object */;
}
